
Microsoft Visual Studio Solution File, Format Version 12.00
Project("{FAE04EC0-301F-11D3-BF4B-00C04F79EFBC}") = "WindowsFormsApp01", "WindowsFormsApp01\WindowsFormsApp01.csproj", "{A0B3084B-5386-44CC-82B6-D11F5C59D771}"
EndProject
Project("{FAE04EC0-301F-11D3-BF4B-00C04F79EFBC}") = "WindowsFormsApp02", "WindowsFormsApp02\WindowsFormsApp02.csproj", "{006117E6-89A7-461B-BCA3-6D4AA694C8FC}"
EndProject
Project("{FAE04EC0-301F-11D3-BF4B-00C04F79EFBC}") = "WindowsFormsApp03", "WindowsFormsApp03\WindowsFormsApp03.csproj", "{783E7194-2DDA-49DB-A505-D01F861601EE}"
EndProject
Project("{FAE04EC0-301F-11D3-BF4B-00C04F79EFBC}") = "WindowsFormsApp04", "WindowsFormsApp04\WindowsFormsApp04.csproj", "{52DD766A-4A71-4C0D-84E7-B6961DA56358}"
EndProject
Project("{FAE04EC0-301F-11D3-BF4B-00C04F79EFBC}") = "WindowsFormsApp05", "WindowsFormsApp05\WindowsFormsApp05.csproj", "{C75946BE-C733-4E97-B9C8-6D68EB0BE4E4}"
EndProject
Project("{FAE04EC0-301F-11D3-BF4B-00C04F79EFBC}") = "WindowsFormsApp06", "WindowsFormsApp06\WindowsFormsApp06.csproj", "{565B6ED1-8502-447E-B9B5-7B45C14552BB}"
EndProject
Project("{FAE04EC0-301F-11D3-BF4B-00C04F79EFBC}") = "WindowsFormsApp07", "WindowsFormsApp07\WindowsFormsApp07.csproj", "{A8BF067E-0879-466E-BD70-55198840A089}"
EndProject
Project("{FAE04EC0-301F-11D3-BF4B-00C04F79EFBC}") = "WindowsFormsApp08", "WindowsFormsApp08\WindowsFormsApp08.csproj", "{C62F6730-C125-47DD-9457-B72CD970DE75}"
EndProject
Project("{FAE04EC0-301F-11D3-BF4B-00C04F79EFBC}") = "WindowsFormsApp09", "WindowsFormsApp09\WindowsFormsApp09.csproj", "{1654E439-8542-44F0-8275-C358945DCEB5}"
EndProject
Project("{FAE04EC0-301F-11D3-BF4B-00C04F79EFBC}") = "WindowsFormsApp10", "WindowsFormsApp10\WindowsFormsApp10.csproj", "{80910994-7D1D-4361-A73F-3E0B3CAEB4FF}"
EndProject
Project("{FAE04EC0-301F-11D3-BF4B-00C04F79EFBC}") = "WindowsFormsApp11", "WindowsFormsApp11\WindowsFormsApp11.csproj", "{F8EDCE6D-023F-4864-9401-55AE3C33E350}"
EndProject
Project("{FAE04EC0-301F-11D3-BF4B-00C04F79EFBC}") = "WindowsFormsApp12", "WindowsFormsApp12\WindowsFormsApp12.csproj", "{748FE9DD-396F-4511-BA5C-4AC28E6460AD}"
EndProject
Project("{FAE04EC0-301F-11D3-BF4B-00C04F79EFBC}") = "WindowsFormsApp13", "WindowsFormsApp13\WindowsFormsApp13.csproj", "{4395C0FE-3193-4EF5-B39D-A7E138F9579B}"
EndProject
Project("{FAE04EC0-301F-11D3-BF4B-00C04F79EFBC}") = "WindowsFormsApp14", "WindowsFormsApp14\WindowsFormsApp14.csproj", "{BB2D6ECE-BC2F-42A8-90F4-6610520CBF4E}"
EndProject
Project("{FAE04EC0-301F-11D3-BF4B-00C04F79EFBC}") = "WindowsFormsApp15", "WindowsFormsApp15\WindowsFormsApp15.csproj", "{D3B94EF9-8B6D-48ED-BE2E-6E884E665401}"
EndProject
Project("{FAE04EC0-301F-11D3-BF4B-00C04F79EFBC}") = "WindowsFormsApp16", "WindowsFormsApp16\WindowsFormsApp16.csproj", "{65881E2B-83F6-49B7-BD9D-E9D4E28093A8}"
EndProject
Project("{FAE04EC0-301F-11D3-BF4B-00C04F79EFBC}") = "WindowsFormsApp17", "WindowsFormsApp17\WindowsFormsApp17.csproj", "{65A2D811-6038-461B-B010-2189AEE90623}"
EndProject
Project("{FAE04EC0-301F-11D3-BF4B-00C04F79EFBC}") = "WindowsFormsApp18", "WindowsFormsApp18\WindowsFormsApp18.csproj", "{E34F3415-D700-4BC9-AA3C-94873414390C}"
EndProject
Project("{FAE04EC0-301F-11D3-BF4B-00C04F79EFBC}") = "WindowsFormsApp19", "WindowsFormsApp19\WindowsFormsApp19.csproj", "{F25E42DB-E47D-4710-8235-5E29BAC20B53}"
EndProject
Project("{FAE04EC0-301F-11D3-BF4B-00C04F79EFBC}") = "WindowsFormsApp20", "WindowsFormsApp20\WindowsFormsApp20.csproj", "{C0731A65-CFDF-4509-B229-F89A0A0A50F6}"
EndProject
Project("{FAE04EC0-301F-11D3-BF4B-00C04F79EFBC}") = "WindowsFormsApp21", "WindowsFormsApp21\WindowsFormsApp21.csproj", "{9E6AA140-AAA5-42B0-952A-B9C063AB0228}"
EndProject
Project("{FAE04EC0-301F-11D3-BF4B-00C04F79EFBC}") = "WindowsFormsApp22", "WindowsFormsApp22\WindowsFormsApp22.csproj", "{2ABDB750-9F97-44DC-A7B2-6AACB8689731}"
EndProject
Project("{FAE04EC0-301F-11D3-BF4B-00C04F79EFBC}") = "WindowsFormsApp23", "WindowsFormsApp23\WindowsFormsApp23.csproj", "{FADDD03F-F1CC-4C94-B158-12C9861E6C5F}"
EndProject
Project("{FAE04EC0-301F-11D3-BF4B-00C04F79EFBC}") = "WindowsFormsApp24", "WindowsFormsApp24\WindowsFormsApp24.csproj", "{BFAC0F4D-348C-4BD7-A1AB-AFED5310ED4B}"
EndProject
Global
	GlobalSection(SolutionConfigurationPlatforms) = preSolution
		Debug|Any CPU = Debug|Any CPU
		Release|Any CPU = Release|Any CPU
	EndGlobalSection
	GlobalSection(ProjectConfigurationPlatforms) = postSolution
		{A0B3084B-5386-44CC-82B6-D11F5C59D771}.Debug|Any CPU.ActiveCfg = Debug|Any CPU
		{A0B3084B-5386-44CC-82B6-D11F5C59D771}.Debug|Any CPU.Build.0 = Debug|Any CPU
		{A0B3084B-5386-44CC-82B6-D11F5C59D771}.Release|Any CPU.ActiveCfg = Release|Any CPU
		{A0B3084B-5386-44CC-82B6-D11F5C59D771}.Release|Any CPU.Build.0 = Release|Any CPU
		{006117E6-89A7-461B-BCA3-6D4AA694C8FC}.Debug|Any CPU.ActiveCfg = Debug|Any CPU
		{006117E6-89A7-461B-BCA3-6D4AA694C8FC}.Debug|Any CPU.Build.0 = Debug|Any CPU
		{006117E6-89A7-461B-BCA3-6D4AA694C8FC}.Release|Any CPU.ActiveCfg = Release|Any CPU
		{006117E6-89A7-461B-BCA3-6D4AA694C8FC}.Release|Any CPU.Build.0 = Release|Any CPU
		{783E7194-2DDA-49DB-A505-D01F861601EE}.Debug|Any CPU.ActiveCfg = Debug|Any CPU
		{783E7194-2DDA-49DB-A505-D01F861601EE}.Debug|Any CPU.Build.0 = Debug|Any CPU
		{783E7194-2DDA-49DB-A505-D01F861601EE}.Release|Any CPU.ActiveCfg = Release|Any CPU
		{783E7194-2DDA-49DB-A505-D01F861601EE}.Release|Any CPU.Build.0 = Release|Any CPU
		{52DD766A-4A71-4C0D-84E7-B6961DA56358}.Debug|Any CPU.ActiveCfg = Debug|Any CPU
		{52DD766A-4A71-4C0D-84E7-B6961DA56358}.Debug|Any CPU.Build.0 = Debug|Any CPU
		{52DD766A-4A71-4C0D-84E7-B6961DA56358}.Release|Any CPU.ActiveCfg = Release|Any CPU
		{52DD766A-4A71-4C0D-84E7-B6961DA56358}.Release|Any CPU.Build.0 = Release|Any CPU
		{C75946BE-C733-4E97-B9C8-6D68EB0BE4E4}.Debug|Any CPU.ActiveCfg = Debug|Any CPU
		{C75946BE-C733-4E97-B9C8-6D68EB0BE4E4}.Debug|Any CPU.Build.0 = Debug|Any CPU
		{C75946BE-C733-4E97-B9C8-6D68EB0BE4E4}.Release|Any CPU.ActiveCfg = Release|Any CPU
		{C75946BE-C733-4E97-B9C8-6D68EB0BE4E4}.Release|Any CPU.Build.0 = Release|Any CPU
		{565B6ED1-8502-447E-B9B5-7B45C14552BB}.Debug|Any CPU.ActiveCfg = Debug|Any CPU
		{565B6ED1-8502-447E-B9B5-7B45C14552BB}.Debug|Any CPU.Build.0 = Debug|Any CPU
		{565B6ED1-8502-447E-B9B5-7B45C14552BB}.Release|Any CPU.ActiveCfg = Release|Any CPU
		{565B6ED1-8502-447E-B9B5-7B45C14552BB}.Release|Any CPU.Build.0 = Release|Any CPU
		{A8BF067E-0879-466E-BD70-55198840A089}.Debug|Any CPU.ActiveCfg = Debug|Any CPU
		{A8BF067E-0879-466E-BD70-55198840A089}.Debug|Any CPU.Build.0 = Debug|Any CPU
		{A8BF067E-0879-466E-BD70-55198840A089}.Release|Any CPU.ActiveCfg = Release|Any CPU
		{A8BF067E-0879-466E-BD70-55198840A089}.Release|Any CPU.Build.0 = Release|Any CPU
		{C62F6730-C125-47DD-9457-B72CD970DE75}.Debug|Any CPU.ActiveCfg = Debug|Any CPU
		{C62F6730-C125-47DD-9457-B72CD970DE75}.Debug|Any CPU.Build.0 = Debug|Any CPU
		{C62F6730-C125-47DD-9457-B72CD970DE75}.Release|Any CPU.ActiveCfg = Release|Any CPU
		{C62F6730-C125-47DD-9457-B72CD970DE75}.Release|Any CPU.Build.0 = Release|Any CPU
		{1654E439-8542-44F0-8275-C358945DCEB5}.Debug|Any CPU.ActiveCfg = Debug|Any CPU
		{1654E439-8542-44F0-8275-C358945DCEB5}.Debug|Any CPU.Build.0 = Debug|Any CPU
		{1654E439-8542-44F0-8275-C358945DCEB5}.Release|Any CPU.ActiveCfg = Release|Any CPU
		{1654E439-8542-44F0-8275-C358945DCEB5}.Release|Any CPU.Build.0 = Release|Any CPU
		{80910994-7D1D-4361-A73F-3E0B3CAEB4FF}.Debug|Any CPU.ActiveCfg = Debug|Any CPU
		{80910994-7D1D-4361-A73F-3E0B3CAEB4FF}.Debug|Any CPU.Build.0 = Debug|Any CPU
		{80910994-7D1D-4361-A73F-3E0B3CAEB4FF}.Release|Any CPU.ActiveCfg = Release|Any CPU
		{80910994-7D1D-4361-A73F-3E0B3CAEB4FF}.Release|Any CPU.Build.0 = Release|Any CPU
		{F8EDCE6D-023F-4864-9401-55AE3C33E350}.Debug|Any CPU.ActiveCfg = Debug|Any CPU
		{F8EDCE6D-023F-4864-9401-55AE3C33E350}.Debug|Any CPU.Build.0 = Debug|Any CPU
		{F8EDCE6D-023F-4864-9401-55AE3C33E350}.Release|Any CPU.ActiveCfg = Release|Any CPU
		{F8EDCE6D-023F-4864-9401-55AE3C33E350}.Release|Any CPU.Build.0 = Release|Any CPU
		{748FE9DD-396F-4511-BA5C-4AC28E6460AD}.Debug|Any CPU.ActiveCfg = Debug|Any CPU
		{748FE9DD-396F-4511-BA5C-4AC28E6460AD}.Debug|Any CPU.Build.0 = Debug|Any CPU
		{748FE9DD-396F-4511-BA5C-4AC28E6460AD}.Release|Any CPU.ActiveCfg = Release|Any CPU
		{748FE9DD-396F-4511-BA5C-4AC28E6460AD}.Release|Any CPU.Build.0 = Release|Any CPU
		{4395C0FE-3193-4EF5-B39D-A7E138F9579B}.Debug|Any CPU.ActiveCfg = Debug|Any CPU
		{4395C0FE-3193-4EF5-B39D-A7E138F9579B}.Debug|Any CPU.Build.0 = Debug|Any CPU
		{4395C0FE-3193-4EF5-B39D-A7E138F9579B}.Release|Any CPU.ActiveCfg = Release|Any CPU
		{4395C0FE-3193-4EF5-B39D-A7E138F9579B}.Release|Any CPU.Build.0 = Release|Any CPU
		{BB2D6ECE-BC2F-42A8-90F4-6610520CBF4E}.Debug|Any CPU.ActiveCfg = Debug|Any CPU
		{BB2D6ECE-BC2F-42A8-90F4-6610520CBF4E}.Debug|Any CPU.Build.0 = Debug|Any CPU
		{BB2D6ECE-BC2F-42A8-90F4-6610520CBF4E}.Release|Any CPU.ActiveCfg = Release|Any CPU
		{BB2D6ECE-BC2F-42A8-90F4-6610520CBF4E}.Release|Any CPU.Build.0 = Release|Any CPU
		{D3B94EF9-8B6D-48ED-BE2E-6E884E665401}.Debug|Any CPU.ActiveCfg = Debug|Any CPU
		{D3B94EF9-8B6D-48ED-BE2E-6E884E665401}.Debug|Any CPU.Build.0 = Debug|Any CPU
		{D3B94EF9-8B6D-48ED-BE2E-6E884E665401}.Release|Any CPU.ActiveCfg = Release|Any CPU
		{D3B94EF9-8B6D-48ED-BE2E-6E884E665401}.Release|Any CPU.Build.0 = Release|Any CPU
		{65881E2B-83F6-49B7-BD9D-E9D4E28093A8}.Debug|Any CPU.ActiveCfg = Debug|Any CPU
		{65881E2B-83F6-49B7-BD9D-E9D4E28093A8}.Debug|Any CPU.Build.0 = Debug|Any CPU
		{65881E2B-83F6-49B7-BD9D-E9D4E28093A8}.Release|Any CPU.ActiveCfg = Release|Any CPU
		{65881E2B-83F6-49B7-BD9D-E9D4E28093A8}.Release|Any CPU.Build.0 = Release|Any CPU
		{65A2D811-6038-461B-B010-2189AEE90623}.Debug|Any CPU.ActiveCfg = Debug|Any CPU
		{65A2D811-6038-461B-B010-2189AEE90623}.Debug|Any CPU.Build.0 = Debug|Any CPU
		{65A2D811-6038-461B-B010-2189AEE90623}.Release|Any CPU.ActiveCfg = Release|Any CPU
		{65A2D811-6038-461B-B010-2189AEE90623}.Release|Any CPU.Build.0 = Release|Any CPU
		{E34F3415-D700-4BC9-AA3C-94873414390C}.Debug|Any CPU.ActiveCfg = Debug|Any CPU
		{E34F3415-D700-4BC9-AA3C-94873414390C}.Debug|Any CPU.Build.0 = Debug|Any CPU
		{E34F3415-D700-4BC9-AA3C-94873414390C}.Release|Any CPU.ActiveCfg = Release|Any CPU
		{E34F3415-D700-4BC9-AA3C-94873414390C}.Release|Any CPU.Build.0 = Release|Any CPU
		{F25E42DB-E47D-4710-8235-5E29BAC20B53}.Debug|Any CPU.ActiveCfg = Debug|Any CPU
		{F25E42DB-E47D-4710-8235-5E29BAC20B53}.Debug|Any CPU.Build.0 = Debug|Any CPU
		{F25E42DB-E47D-4710-8235-5E29BAC20B53}.Release|Any CPU.ActiveCfg = Release|Any CPU
		{F25E42DB-E47D-4710-8235-5E29BAC20B53}.Release|Any CPU.Build.0 = Release|Any CPU
		{C0731A65-CFDF-4509-B229-F89A0A0A50F6}.Debug|Any CPU.ActiveCfg = Debug|Any CPU
		{C0731A65-CFDF-4509-B229-F89A0A0A50F6}.Debug|Any CPU.Build.0 = Debug|Any CPU
		{C0731A65-CFDF-4509-B229-F89A0A0A50F6}.Release|Any CPU.ActiveCfg = Release|Any CPU
		{C0731A65-CFDF-4509-B229-F89A0A0A50F6}.Release|Any CPU.Build.0 = Release|Any CPU
		{9E6AA140-AAA5-42B0-952A-B9C063AB0228}.Debug|Any CPU.ActiveCfg = Debug|Any CPU
		{9E6AA140-AAA5-42B0-952A-B9C063AB0228}.Debug|Any CPU.Build.0 = Debug|Any CPU
		{9E6AA140-AAA5-42B0-952A-B9C063AB0228}.Release|Any CPU.ActiveCfg = Release|Any CPU
		{9E6AA140-AAA5-42B0-952A-B9C063AB0228}.Release|Any CPU.Build.0 = Release|Any CPU
		{2ABDB750-9F97-44DC-A7B2-6AACB8689731}.Debug|Any CPU.ActiveCfg = Debug|Any CPU
		{2ABDB750-9F97-44DC-A7B2-6AACB8689731}.Debug|Any CPU.Build.0 = Debug|Any CPU
		{2ABDB750-9F97-44DC-A7B2-6AACB8689731}.Release|Any CPU.ActiveCfg = Release|Any CPU
		{2ABDB750-9F97-44DC-A7B2-6AACB8689731}.Release|Any CPU.Build.0 = Release|Any CPU
		{FADDD03F-F1CC-4C94-B158-12C9861E6C5F}.Debug|Any CPU.ActiveCfg = Debug|Any CPU
		{FADDD03F-F1CC-4C94-B158-12C9861E6C5F}.Debug|Any CPU.Build.0 = Debug|Any CPU
		{FADDD03F-F1CC-4C94-B158-12C9861E6C5F}.Release|Any CPU.ActiveCfg = Release|Any CPU
		{FADDD03F-F1CC-4C94-B158-12C9861E6C5F}.Release|Any CPU.Build.0 = Release|Any CPU
		{BFAC0F4D-348C-4BD7-A1AB-AFED5310ED4B}.Debug|Any CPU.ActiveCfg = Debug|Any CPU
		{BFAC0F4D-348C-4BD7-A1AB-AFED5310ED4B}.Debug|Any CPU.Build.0 = Debug|Any CPU
		{BFAC0F4D-348C-4BD7-A1AB-AFED5310ED4B}.Release|Any CPU.ActiveCfg = Release|Any CPU
		{BFAC0F4D-348C-4BD7-A1AB-AFED5310ED4B}.Release|Any CPU.Build.0 = Release|Any CPU
	EndGlobalSection
EndGlobal
